Microsoft Visual Studio Solution File, Format Version 12.00
# Visual Studio Version 17
Project("{9A19103F-16F7-4668-BE54-9A1E7A4F7556}") = "ForzaTelemetryHaptics.Core", "src\ForzaTelemetryHaptics.Core\ForzaTelemetryHaptics.Core.csproj", "{A11F0C0E-1C2D-4B3A-9E0F-111111111111}"
EndProject
Project("{9A19103F-16F7-4668-BE54-9A1E7A4F7556}") = "ForzaTelemetryHaptics.App", "src\ForzaTelemetryHaptics.App\ForzaTelemetryHaptics.App.csproj", "{A11F0C0E-1C2D-4B3A-9E0F-222222222222}"
EndProject
Project("{9A19103F-16F7-4668-BE54-9A1E7A4F7556}") = "ForzaTelemetryHaptics.Tests", "tests\ForzaTelemetryHaptics.Tests\ForzaTelemetryHaptics.Tests.csproj", "{A11F0C0E-1C2D-4B3A-9E0F-333333333333}"
EndProject
Global
	GlobalSection(SolutionConfigurationPlatforms) = preSolution
		Debug|Any CPU = Debug|Any CPU
		Release|Any CPU = Release|Any CPU
	EndGlobalSection
	GlobalSection(ProjectConfigurationPlatforms) = postSolution
		{A11F0C0E-1C2D-4B3A-9E0F-111111111111}.Debug|Any CPU.ActiveCfg = Debug|Any CPU
		{A11F0C0E-1C2D-4B3A-9E0F-111111111111}.Debug|Any CPU.Build.0 = Debug|Any CPU
		{A11F0C0E-1C2D-4B3A-9E0F-111111111111}.Release|Any CPU.ActiveCfg = Release|Any CPU
		{A11F0C0E-1C2D-4B3A-9E0F-111111111111}.Release|Any CPU.Build.0 = Release|Any CPU
		{A11F0C0E-1C2D-4B3A-9E0F-222222222222}.Debug|Any CPU.ActiveCfg = Debug|Any CPU
		{A11F0C0E-1C2D-4B3A-9E0F-222222222222}.Debug|Any CPU.Build.0 = Debug|Any CPU
		{A11F0C0E-1C2D-4B3A-9E0F-222222222222}.Release|Any CPU.ActiveCfg = Release|Any CPU
		{A11F0C0E-1C2D-4B3A-9E0F-222222222222}.Release|Any CPU.Build.0 = Release|Any CPU
		{A11F0C0E-1C2D-4B3A-9E0F-333333333333}.Debug|Any CPU.ActiveCfg = Debug|Any CPU
		{A11F0C0E-1C2D-4B3A-9E0F-333333333333}.Debug|Any CPU.Build.0 = Debug|Any CPU
		{A11F0C0E-1C2D-4B3A-9E0F-333333333333}.Release|Any CPU.ActiveCfg = Release|Any CPU
		{A11F0C0E-1C2D-4B3A-9E0F-333333333333}.Release|Any CPU.Build.0 = Release|Any CPU
	EndGlobalSection
EndGlobal
